// !$*UTF8*$!
{
	archiveVersion = 1;
	classes = {
	};
	objectVersion = 50;
	objects = {

/* Begin PBXBuildFile section */
		3EDAFEC1288482B200EE78FC /* stolosApp.swift in Sources */ = {isa = PBXBuildFile; fileRef = 3EDAFEC0288482B200EE78FC /* stolosApp.swift */; };
		3EDAFEC3288482B200EE78FC /* ContentView.swift in Sources */ = {isa = PBXBuildFile; fileRef = 3EDAFEC2288482B200EE78FC /* ContentView.swift */; };
		3EDAFEC5288482BB00EE78FC /* Assets.xcassets in Resources */ = {isa = PBXBuildFile; fileRef = 3EDAFEC4288482BB00EE78FC /* Assets.xcassets */; };
		3EDAFEC8288482BB00EE78FC /* Preview Assets.xcassets in Resources */ = {isa = PBXBuildFile; fileRef = 3EDAFEC7288482BB00EE78FC /* Preview Assets.xcassets */; };
		3EDAFED3288482BB00EE78FC /* stolosTests.swift in Sources */ = {isa = PBXBuildFile; fileRef = 3EDAFED2288482BB00EE78FC /* stolosTests.swift */; };
		3EDAFEDE288482BB00EE78FC /* stolosUITests.swift in Sources */ = {isa = PBXBuildFile; fileRef = 3EDAFEDD288482BB00EE78FC /* stolosUITests.swift */; };
		3EDAFEEF288482F900EE78FC /* MapView.swift in Sources */ = {isa = PBXBuildFile; fileRef = 3EDAFEEE288482F900EE78FC /* MapView.swift */; };
		3EDAFEF42884830100EE78FC /* MapViewModel.swift in Sources */ = {isa = PBXBuildFile; fileRef = 3EDAFEF32884830100EE78FC /* MapViewModel.swift */; };
/* End PBXBuildFile section */

/* Begin PBXContainerItemProxy section */
		3EDAFECF288482BB00EE78FC /* PBXContainerItemProxy */ = {
			isa = PBXContainerItemProxy;
			containerPortal = 3EDAFEB5288482B200EE78FC /* Project object */;
			proxyType = 1;
			remoteGlobalIDString = 3EDAFEBC288482B200EE78FC;
			remoteInfo = stolos;
		};
		3EDAFEDA288482BB00EE78FC /* PBXContainerItemProxy */ = {
			isa = PBXContainerItemProxy;
			containerPortal = 3EDAFEB5288482B200EE78FC /* Project object */;
			proxyType = 1;
			remoteGlobalIDString = 3EDAFEBC288482B200EE78FC;
			remoteInfo = stolos;
		};
/* End PBXContainerItemProxy section */

/* Begin PBXFileReference section */
		3EDAFEBD288482B200EE78FC /* stolos.app */ = {isa = PBXFileReference; explicitFileType = wrapper.application; includeInIndex = 0; path = stolos.app; sourceTree = BUILT_PRODUCTS_DIR; };
		3EDAFEC0288482B200EE78FC /* stolosApp.swift */ = {isa = PBXFileReference; lastKnownFileType = sourcecode.swift; path = stolosApp.swift; sourceTree = "<group>"; };
		3EDAFEC2288482B200EE78FC /* ContentView.swift */ = {isa = PBXFileReference; lastKnownFileType = sourcecode.swift; path = ContentView.swift; sourceTree = "<group>"; };
		3EDAFEC4288482BB00EE78FC /* Assets.xcassets */ = {isa = PBXFileReference; lastKnownFileType = folder.assetcatalog; path = Assets.xcassets; sourceTree = "<group>"; };
		3EDAFEC7288482BB00EE78FC /* Preview Assets.xcassets */ = {isa = PBXFileReference; lastKnownFileType = folder.assetcatalog; path = "Preview Assets.xcassets"; sourceTree = "<group>"; };
		3EDAFEC9288482BB00EE78FC /* Info.plist */ = {isa = PBXFileReference; lastKnownFileType = text.plist.xml; path = Info.plist; sourceTree = "<group>"; };
		3EDAFECE288482BB00EE78FC /* stolosTests.xctest */ = {isa = PBXFileReference; explicitFileType = wrapper.cfbundle; includeInIndex = 0; path = stolosTests.xctest; sourceTree = BUILT_PRODUCTS_DIR; };
		3EDAFED2288482BB00EE78FC /* stolosTests.swift */ = {isa = PBXFileReference; lastKnownFileType = sourcecode.swift; path = stolosTests.swift; sourceTree = "<group>"; };
		3EDAFED4288482BB00EE78FC /* Info.plist */ = {isa = PBXFileReference; lastKnownFileType = text.plist.xml; path = Info.plist; sourceTree = "<group>"; };
		3EDAFED9288482BB00EE78FC /* stolosUITests.xctest */ = {isa = PBXFileReference; explicitFileType = wrapper.cfbundle; includeInIndex = 0; path = stolosUITests.xctest; sourceTree = BUILT_PRODUCTS_DIR; };
		3EDAFEDD288482BB00EE78FC /* stolosUITests.swift */ = {isa = PBXFileReference; lastKnownFileType = sourcecode.swift; path = stolosUITests.swift; sourceTree = "<group>"; };
		3EDAFEDF288482BB00EE78FC /* Info.plist */ = {isa = PBXFileReference; lastKnownFileType = text.plist.xml; path = Info.plist; sourceTree = "<group>"; };
		3EDAFEEE288482F900EE78FC /* MapView.swift */ = {isa = PBXFileReference; fileEncoding = 4; lastKnownFileType = sourcecode.swift; name = MapView.swift; path = ../../stolos_files/stolos/MapView.swift; sourceTree = "<group>"; };
		3EDAFEF32884830100EE78FC /* MapViewModel.swift */ = {isa = PBXFileReference; fileEncoding = 4; lastKnownFileType = sourcecode.swift; name = MapViewModel.swift; path = ../../stolos_files/stolos/MapViewModel.swift; sourceTree = "<group>"; };
/* End PBXFileReference section */

/* Begin PBXFrameworksBuildPhase section */
		3EDAFEBA288482B200EE78FC /* Frameworks */ = {
			isa = PBXFrameworksBuildPhase;
			buildActionMask = 2147483647;
			files = (
			);
			runOnlyForDeploymentPostprocessing = 0;
		};
		3EDAFECB288482BB00EE78FC /* Frameworks */ = {
			isa = PBXFrameworksBuildPhase;
			buildActionMask = 2147483647;
			files = (
			);
			runOnlyForDeploymentPostprocessing = 0;
		};
		3EDAFED6288482BB00EE78FC /* Frameworks */ = {
			isa = PBXFrameworksBuildPhase;
			buildActionMask = 2147483647;
			files = (
			);
			runOnlyForDeploymentPostprocessing = 0;
		};
/* End PBXFrameworksBuildPhase section */

/* Begin PBXGroup section */
		3EDAFEB4288482B200EE78FC = {
			isa = PBXGroup;
			children = (
				3EDAFEBF288482B200EE78FC /* stolos */,
				3EDAFED1288482BB00EE78FC /* stolosTests */,
				3EDAFEDC288482BB00EE78FC /* stolosUITests */,
				3EDAFEBE288482B200EE78FC /* Products */,
			);
			sourceTree = "<group>";
		};
		3EDAFEBE288482B200EE78FC /* Products */ = {
			isa = PBXGroup;
			children = (
				3EDAFEBD288482B200EE78FC /* stolos.app */,
				3EDAFECE288482BB00EE78FC /* stolosTests.xctest */,
				3EDAFED9288482BB00EE78FC /* stolosUITests.xctest */,
			);
			name = Products;
			sourceTree = "<group>";
		};
		3EDAFEBF288482B200EE78FC /* stolos */ = {
			isa = PBXGroup;
			children = (
				3EDAFEF32884830100EE78FC /* MapViewModel.swift */,
				3EDAFEEE288482F900EE78FC /* MapView.swift */,
				3EDAFEC0288482B200EE78FC /* stolosApp.swift */,
				3EDAFEC2288482B200EE78FC /* ContentView.swift */,
				3EDAFEC4288482BB00EE78FC /* Assets.xcassets */,
				3EDAFEC9288482BB00EE78FC /* Info.plist */,
				3EDAFEC6288482BB00EE78FC /* Preview Content */,
			);
			path = stolos;
			sourceTree = "<group>";
		};
		3EDAFEC6288482BB00EE78FC /* Preview Content */ = {
			isa = PBXGroup;
			children = (
				3EDAFEC7288482BB00EE78FC /* Preview Assets.xcassets */,
			);
			path = "Preview Content";
			sourceTree = "<group>";
		};
		3EDAFED1288482BB00EE78FC /* stolosTests */ = {
			isa = PBXGroup;
			children = (
				3EDAFED2288482BB00EE78FC /* stolosTests.swift */,
				3EDAFED4288482BB00EE78FC /* Info.plist */,
			);
			path = stolosTests;
			sourceTree = "<group>";
		};
		3EDAFEDC288482BB00EE78FC /* stolosUITests */ = {
			isa = PBXGroup;
			children = (
				3EDAFEDD288482BB00EE78FC /* stolosUITests.swift */,
				3EDAFEDF288482BB00EE78FC /* Info.plist */,
			);
			path = stolosUITests;
			sourceTree = "<group>";
		};
/* End PBXGroup section */

/* Begin PBXNativeTarget section */
		3EDAFEBC288482B200EE78FC /* stolos */ = {
			isa = PBXNativeTarget;
			buildConfigurationList = 3EDAFEE2288482BB00EE78FC /* Build configuration list for PBXNativeTarget "stolos" */;
			buildPhases = (
				3EDAFEB9288482B200EE78FC /* Sources */,
				3EDAFEBA288482B200EE78FC /* Frameworks */,
				3EDAFEBB288482B200EE78FC /* Resources */,
			);
			buildRules = (
			);
			dependencies = (
			);
			name = stolos;
			productName = stolos;
			productReference = 3EDAFEBD288482B200EE78FC /* stolos.app */;
			productType = "com.apple.product-type.application";
		};
		3EDAFECD288482BB00EE78FC /* stolosTests */ = {
			isa = PBXNativeTarget;
			buildConfigurationList = 3EDAFEE5288482BB00EE78FC /* Build configuration list for PBXNativeTarget "stolosTests" */;
			buildPhases = (
				3EDAFECA288482BB00EE78FC /* Sources */,
				3EDAFECB288482BB00EE78FC /* Frameworks */,
				3EDAFECC288482BB00EE78FC /* Resources */,
			);
			buildRules = (
			);
			dependencies = (
				3EDAFED0288482BB00EE78FC /* PBXTargetDependency */,
			);
			name = stolosTests;
			productName = stolosTests;
			productReference = 3EDAFECE288482BB00EE78FC /* stolosTests.xctest */;
			productType = "com.apple.product-type.bundle.unit-test";
		};
		3EDAFED8288482BB00EE78FC /* stolosUITests */ = {
			isa = PBXNativeTarget;
			buildConfigurationList = 3EDAFEE8288482BB00EE78FC /* Build configuration list for PBXNativeTarget "stolosUITests" */;
			buildPhases = (
				3EDAFED5288482BB00EE78FC /* Sources */,
				3EDAFED6288482BB00EE78FC /* Frameworks */,
				3EDAFED7288482BB00EE78FC /* Resources */,
			);
			buildRules = (
			);
			dependencies = (
				3EDAFEDB288482BB00EE78FC /* PBXTargetDependency */,
			);
			name = stolosUITests;
			productName = stolosUITests;
			productReference = 3EDAFED9288482BB00EE78FC /* stolosUITests.xctest */;
			productType = "com.apple.product-type.bundle.ui-testing";
		};
/* End PBXNativeTarget section */

/* Begin PBXProject section */
		3EDAFEB5288482B200EE78FC /* Project object */ = {
			isa = PBXProject;
			attributes = {
				LastSwiftUpdateCheck = 1240;
				LastUpgradeCheck = 1240;
				TargetAttributes = {
					3EDAFEBC288482B200EE78FC = {
						CreatedOnToolsVersion = 12.4;
					};
					3EDAFECD288482BB00EE78FC = {
						CreatedOnToolsVersion = 12.4;
						TestTargetID = 3EDAFEBC288482B200EE78FC;
					};
					3EDAFED8288482BB00EE78FC = {
						CreatedOnToolsVersion = 12.4;
						TestTargetID = 3EDAFEBC288482B200EE78FC;
					};
				};
			};
			buildConfigurationList = 3EDAFEB8288482B200EE78FC /* Build configuration list for PBXProject "stolos" */;
			compatibilityVersion = "Xcode 9.3";
			developmentRegion = en;
			hasScannedForEncodings = 0;
			knownRegions = (
				en,
				Base,
			);
			mainGroup = 3EDAFEB4288482B200EE78FC;
			productRefGroup = 3EDAFEBE288482B200EE78FC /* Products */;
			projectDirPath = "";
			projectRoot = "";
			targets = (
				3EDAFEBC288482B200EE78FC /* stolos */,
				3EDAFECD288482BB00EE78FC /* stolosTests */,
				3EDAFED8288482BB00EE78FC /* stolosUITests */,
			);
		};
/* End PBXProject section */

/* Begin PBXResourcesBuildPhase section */
		3EDAFEBB288482B200EE78FC /* Resources */ = {
			isa = PBXResourcesBuildPhase;
			buildActionMask = 2147483647;
			files = (
				3EDAFEC8288482BB00EE78FC /* Preview Assets.xcassets in Resources */,
				3EDAFEC5288482BB00EE78FC /* Assets.xcassets in Resources */,
			);
			runOnlyForDeploymentPostprocessing = 0;
		};
		3EDAFECC288482BB00EE78FC /* Resources */ = {
			isa = PBXResourcesBuildPhase;
			buildActionMask = 2147483647;
			files = (
			);
			runOnlyForDeploymentPostprocessing = 0;
		};
		3EDAFED7288482BB00EE78FC /* Resources */ = {
			isa = PBXResourcesBuildPhase;
			buildActionMask = 2147483647;
			files = (
			);
			runOnlyForDeploymentPostprocessing = 0;
		};
/* End PBXResourcesBuildPhase section */

/* Begin PBXSourcesBuildPhase section */
		3EDAFEB9288482B200EE78FC /* Sources */ = {
			isa = PBXSourcesBuildPhase;
			buildActionMask = 2147483647;
			files = (
				3EDAFEC3288482B200EE78FC /* ContentView.swift in Sources */,
				3EDAFEEF288482F900EE78FC /* MapView.swift in Sources */,
				3EDAFEC1288482B200EE78FC /* stolosApp.swift in Sources */,
				3EDAFEF42884830100EE78FC /* MapViewModel.swift in Sources */,
			);
			runOnlyForDeploymentPostprocessing = 0;
		};
		3EDAFECA288482BB00EE78FC /* Sources */ = {
			isa = PBXSourcesBuildPhase;
			buildActionMask = 2147483647;
			files = (
				3EDAFED3288482BB00EE78FC /* stolosTests.swift in Sources */,
			);
			runOnlyForDeploymentPostprocessing = 0;
		};
		3EDAFED5288482BB00EE78FC /* Sources */ = {
			isa = PBXSourcesBuildPhase;
			buildActionMask = 2147483647;
			files = (
				3EDAFEDE288482BB00EE78FC /* stolosUITests.swift in Sources */,
			);
			runOnlyForDeploymentPostprocessing = 0;
		};
/* End PBXSourcesBuildPhase section */

/* Begin PBXTargetDependency section */
		3EDAFED0288482BB00EE78FC /* PBXTargetDependency */ = {
			isa = PBXTargetDependency;
			target = 3EDAFEBC288482B200EE78FC /* stolos */;
			targetProxy = 3EDAFECF288482BB00EE78FC /* PBXContainerItemProxy */;
		};
		3EDAFEDB288482BB00EE78FC /* PBXTargetDependency */ = {
			isa = PBXTargetDependency;
			target = 3EDAFEBC288482B200EE78FC /* stolos */;
			targetProxy = 3EDAFEDA288482BB00EE78FC /* PBXContainerItemProxy */;
		};
/* End PBXTargetDependency section */

/* Begin XCBuildConfiguration section */
		3EDAFEE0288482BB00EE78FC /* Debug */ = {
			isa = XCBuildConfiguration;
			buildSettings = {
				ALWAYS_SEARCH_USER_PATHS = NO;
				CLANG_ANALYZER_NONNULL = YES;
				CLANG_ANALYZER_NUMBER_OBJECT_CONVERSION = YES_AGGRESSIVE;
				CLANG_CXX_LANGUAGE_STANDARD = "gnu++14";
				CLANG_CXX_LIBRARY = "libc++";
				CLANG_ENABLE_MODULES = YES;
				CLANG_ENABLE_OBJC_ARC = YES;
				CLANG_ENABLE_OBJC_WEAK = YES;
				CLANG_WARN_BLOCK_CAPTURE_AUTORELEASING = YES;
				CLANG_WARN_BOOL_CONVERSION = YES;
				CLANG_WARN_COMMA = YES;
				CLANG_WARN_CONSTANT_CONVERSION = YES;
				CLANG_WARN_DEPRECATED_OBJC_IMPLEMENTATIONS = YES;
				CLANG_WARN_DIRECT_OBJC_ISA_USAGE = YES_ERROR;
				CLANG_WARN_DOCUMENTATION_COMMENTS = YES;
				CLANG_WARN_EMPTY_BODY = YES;
				CLANG_WARN_ENUM_CONVERSION = YES;
				CLANG_WARN_INFINITE_RECURSION = YES;
				CLANG_WARN_INT_CONVERSION = YES;
				CLANG_WARN_NON_LITERAL_NULL_CONVERSION = YES;
				CLANG_WARN_OBJC_IMPLICIT_RETAIN_SELF = YES;
				CLANG_WARN_OBJC_LITERAL_CONVERSION = YES;
				CLANG_WARN_OBJC_ROOT_CLASS = YES_ERROR;
				CLANG_WARN_QUOTED_INCLUDE_IN_FRAMEWORK_HEADER = YES;
				CLANG_WARN_RANGE_LOOP_ANALYSIS = YES;
				CLANG_WARN_STRICT_PROTOTYPES = YES;
				CLANG_WARN_SUSPICIOUS_MOVE = YES;
				CLANG_WARN_UNGUARDED_AVAILABILITY = YES_AGGRESSIVE;
				CLANG_WARN_UNREACHABLE_CODE = YES;
				CLANG_WARN__DUPLICATE_METHOD_MATCH = YES;
				COPY_PHASE_STRIP = NO;
				DEBUG_INFORMATION_FORMAT = dwarf;
				ENABLE_STRICT_OBJC_MSGSEND = YES;
				ENABLE_TESTABILITY = YES;
				GCC_C_LANGUAGE_STANDARD = gnu11;
				GCC_DYNAMIC_NO_PIC = NO;
				GCC_NO_COMMON_BLOCKS = YES;
				GCC_OPTIMIZATION_LEVEL = 0;
				GCC_PREPROCESSOR_DEFINITIONS = (
					"DEBUG=1",
					"$(inherited)",
				);
				GCC_WARN_64_TO_32_BIT_CONVERSION = YES;
				GCC_WARN_ABOUT_RETURN_TYPE = YES_ERROR;
				GCC_WARN_UNDECLARED_SELECTOR = YES;
				GCC_WARN_UNINITIALIZED_AUTOS = YES_AGGRESSIVE;
				GCC_WARN_UNUSED_FUNCTION = YES;
				GCC_WARN_UNUSED_VARIABLE = YES;
				IPHONEOS_DEPLOYMENT_TARGET = 14.4;
				MTL_ENABLE_DEBUG_INFO = INCLUDE_SOURCE;
				MTL_FAST_MATH = YES;
				ONLY_ACTIVE_ARCH = YES;
				SDKROOT = iphoneos;
				SWIFT_ACTIVE_COMPILATION_CONDITIONS = DEBUG;
				SWIFT_OPTIMIZATION_LEVEL = "-Onone";
			};
			name = Debug;
		};
		3EDAFEE1288482BB00EE78FC /* Release */ = {
			isa = XCBuildConfiguration;
			buildSettings = {
				ALWAYS_SEARCH_USER_PATHS = NO;
				CLANG_ANALYZER_NONNULL = YES;
				CLANG_ANALYZER_NUMBER_OBJECT_CONVERSION = YES_AGGRESSIVE;
				CLANG_CXX_LANGUAGE_STANDARD = "gnu++14";
				CLANG_CXX_LIBRARY = "libc++";
				CLANG_ENABLE_MODULES = YES;
				CLANG_ENABLE_OBJC_ARC = YES;
				CLANG_ENABLE_OBJC_WEAK = YES;
				CLANG_WARN_BLOCK_CAPTURE_AUTORELEASING = YES;
				CLANG_WARN_BOOL_CONVERSION = YES;
				CLANG_WARN_COMMA = YES;
				CLANG_WARN_CONSTANT_CONVERSION = YES;
				CLANG_WARN_DEPRECATED_OBJC_IMPLEMENTATIONS = YES;
				CLANG_WARN_DIRECT_OBJC_ISA_USAGE = YES_ERROR;
				CLANG_WARN_DOCUMENTATION_COMMENTS = YES;
				CLANG_WARN_EMPTY_BODY = YES;
				CLANG_WARN_ENUM_CONVERSION = YES;
				CLANG_WARN_INFINITE_RECURSION = YES;
				CLANG_WARN_INT_CONVERSION = YES;
				CLANG_WARN_NON_LITERAL_NULL_CONVERSION = YES;
				CLANG_WARN_OBJC_IMPLICIT_RETAIN_SELF = YES;
				CLANG_WARN_OBJC_LITERAL_CONVERSION = YES;
				CLANG_WARN_OBJC_ROOT_CLASS = YES_ERROR;
				CLANG_WARN_QUOTED_INCLUDE_IN_FRAMEWORK_HEADER = YES;
				CLANG_WARN_RANGE_LOOP_ANALYSIS = YES;
				CLANG_WARN_STRICT_PROTOTYPES = YES;
				CLANG_WARN_SUSPICIOUS_MOVE = YES;
				CLANG_WARN_UNGUARDED_AVAILABILITY = YES_AGGRESSIVE;
				CLANG_WARN_UNREACHABLE_CODE = YES;
				CLANG_WARN__DUPLICATE_METHOD_MATCH = YES;
				COPY_PHASE_STRIP = NO;
				DEBUG_INFORMATION_FORMAT = "dwarf-with-dsym";
				ENABLE_NS_ASSERTIONS = NO;
				ENABLE_STRICT_OBJC_MSGSEND = YES;
				GCC_C_LANGUAGE_STANDARD = gnu11;
				GCC_NO_COMMON_BLOCKS = YES;
				GCC_WARN_64_TO_32_BIT_CONVERSION = YES;
				GCC_WARN_ABOUT_RETURN_TYPE = YES_ERROR;
				GCC_WARN_UNDECLARED_SELECTOR = YES;
				GCC_WARN_UNINITIALIZED_AUTOS = YES_AGGRESSIVE;
				GCC_WARN_UNUSED_FUNCTION = YES;
				GCC_WARN_UNUSED_VARIABLE = YES;
				IPHONEOS_DEPLOYMENT_TARGET = 14.4;
				MTL_ENABLE_DEBUG_INFO = NO;
				MTL_FAST_MATH = YES;
				SDKROOT = iphoneos;
				SWIFT_COMPILATION_MODE = wholemodule;
				SWIFT_OPTIMIZATION_LEVEL = "-O";
				VALIDATE_PRODUCT = YES;
			};
			name = Release;
		};
		3EDAFEE3288482BB00EE78FC /* Debug */ = {
			isa = XCBuildConfiguration;
			buildSettings = {
				ASSETCATALOG_COMPILER_APPICON_NAME = AppIcon;
				ASSETCATALOG_COMPILER_GLOBAL_ACCENT_COLOR_NAME = AccentColor;
				CODE_SIGN_STYLE = Automatic;
				DEVELOPMENT_ASSET_PATHS = "\"stolos/Preview Content\"";
				DEVELOPMENT_TEAM = 4DB3P6TUVQ;
				ENABLE_PREVIEWS = YES;
				INFOPLIST_FILE = stolos/Info.plist;
				IPHONEOS_DEPLOYMENT_TARGET = 14.0;
				LD_RUNPATH_SEARCH_PATHS = (
					"$(inherited)",
					"@executable_path/Frameworks",
				);
				PRODUCT_BUNDLE_IDENTIFIER = pavlo.tech.stolos;
				PRODUCT_NAME = "$(TARGET_NAME)";
				SWIFT_VERSION = 5.0;
				TARGETED_DEVICE_FAMILY = "1,2";
			};
			name = Debug;
		};
		3EDAFEE4288482BB00EE78FC /* Release */ = {
			isa = XCBuildConfiguration;
			buildSettings = {
				ASSETCATALOG_COMPILER_APPICON_NAME = AppIcon;
				ASSETCATALOG_COMPILER_GLOBAL_ACCENT_COLOR_NAME = AccentColor;
				CODE_SIGN_STYLE = Automatic;
				DEVELOPMENT_ASSET_PATHS = "\"stolos/Preview Content\"";
				DEVELOPMENT_TEAM = 4DB3P6TUVQ;
				ENABLE_PREVIEWS = YES;
				INFOPLIST_FILE = stolos/Info.plist;
				IPHONEOS_DEPLOYMENT_TARGET = 14.0;
				LD_RUNPATH_SEARCH_PATHS = (
					"$(inherited)",
					"@executable_path/Frameworks",
				);
				PRODUCT_BUNDLE_IDENTIFIER = pavlo.tech.stolos;
				PRODUCT_NAME = "$(TARGET_NAME)";
				SWIFT_VERSION = 5.0;
				TARGETED_DEVICE_FAMILY = "1,2";
			};
			name = Release;
		};
		3EDAFEE6288482BB00EE78FC /* Debug */ = {
			isa = XCBuildConfiguration;
			buildSettings = {
				ALWAYS_EMBED_SWIFT_STANDARD_LIBRARIES = YES;
				BUNDLE_LOADER = "$(TEST_HOST)";
				CODE_SIGN_STYLE = Automatic;
				DEVELOPMENT_TEAM = 4DB3P6TUVQ;
				INFOPLIST_FILE = stolosTests/Info.plist;
				IPHONEOS_DEPLOYMENT_TARGET = 14.0;
				LD_RUNPATH_SEARCH_PATHS = (
					"$(inherited)",
					"@executable_path/Frameworks",
					"@loader_path/Frameworks",
				);
				PRODUCT_BUNDLE_IDENTIFIER = pavlo.tech.stolosTests;
				PRODUCT_NAME = "$(TARGET_NAME)";
				SWIFT_VERSION = 5.0;
				TARGETED_DEVICE_FAMILY = "1,2";
				TEST_HOST = "$(BUILT_PRODUCTS_DIR)/stolos.app/stolos";
			};
			name = Debug;
		};
		3EDAFEE7288482BB00EE78FC /* Release */ = {
			isa = XCBuildConfiguration;
			buildSettings = {
				ALWAYS_EMBED_SWIFT_STANDARD_LIBRARIES = YES;
				BUNDLE_LOADER = "$(TEST_HOST)";
				CODE_SIGN_STYLE = Automatic;
				DEVELOPMENT_TEAM = 4DB3P6TUVQ;
				INFOPLIST_FILE = stolosTests/Info.plist;
				IPHONEOS_DEPLOYMENT_TARGET = 14.0;
				LD_RUNPATH_SEARCH_PATHS = (
					"$(inherited)",
					"@executable_path/Frameworks",
					"@loader_path/Frameworks",
				);
				PRODUCT_BUNDLE_IDENTIFIER = pavlo.tech.stolosTests;
				PRODUCT_NAME = "$(TARGET_NAME)";
				SWIFT_VERSION = 5.0;
				TARGETED_DEVICE_FAMILY = "1,2";
				TEST_HOST = "$(BUILT_PRODUCTS_DIR)/stolos.app/stolos";
			};
			name = Release;
		};
		3EDAFEE9288482BB00EE78FC /* Debug */ = {
			isa = XCBuildConfiguration;
			buildSettings = {
				ALWAYS_EMBED_SWIFT_STANDARD_LIBRARIES = YES;
				CODE_SIGN_STYLE = Automatic;
				DEVELOPMENT_TEAM = 4DB3P6TUVQ;
				INFOPLIST_FILE = stolosUITests/Info.plist;
				LD_RUNPATH_SEARCH_PATHS = (
					"$(inherited)",
					"@executable_path/Frameworks",
					"@loader_path/Frameworks",
				);
				PRODUCT_BUNDLE_IDENTIFIER = pavlo.tech.stolosUITests;
				PRODUCT_NAME = "$(TARGET_NAME)";
				SWIFT_VERSION = 5.0;
				TARGETED_DEVICE_FAMILY = "1,2";
				TEST_TARGET_NAME = stolos;
			};
			name = Debug;
		};
		3EDAFEEA288482BB00EE78FC /* Release */ = {
			isa = XCBuildConfiguration;
			buildSettings = {
				ALWAYS_EMBED_SWIFT_STANDARD_LIBRARIES = YES;
				CODE_SIGN_STYLE = Automatic;
				DEVELOPMENT_TEAM = 4DB3P6TUVQ;
				INFOPLIST_FILE = stolosUITests/Info.plist;
				LD_RUNPATH_SEARCH_PATHS = (
					"$(inherited)",
					"@executable_path/Frameworks",
					"@loader_path/Frameworks",
				);
				PRODUCT_BUNDLE_IDENTIFIER = pavlo.tech.stolosUITests;
				PRODUCT_NAME = "$(TARGET_NAME)";
				SWIFT_VERSION = 5.0;
				TARGETED_DEVICE_FAMILY = "1,2";
				TEST_TARGET_NAME = stolos;
			};
			name = Release;
		};
/* End XCBuildConfiguration section */

/* Begin XCConfigurationList section */
		3EDAFEB8288482B200EE78FC /* Build configuration list for PBXProject "stolos" */ = {
			isa = XCConfigurationList;
			buildConfigurations = (
				3EDAFEE0288482BB00EE78FC /* Debug */,
				3EDAFEE1288482BB00EE78FC /* Release */,
			);
			defaultConfigurationIsVisible = 0;
			defaultConfigurationName = Release;
		};
		3EDAFEE2288482BB00EE78FC /* Build configuration list for PBXNativeTarget "stolos" */ = {
			isa = XCConfigurationList;
			buildConfigurations = (
				3EDAFEE3288482BB00EE78FC /* Debug */,
				3EDAFEE4288482BB00EE78FC /* Release */,
			);
			defaultConfigurationIsVisible = 0;
			defaultConfigurationName = Release;
		};
		3EDAFEE5288482BB00EE78FC /* Build configuration list for PBXNativeTarget "stolosTests" */ = {
			isa = XCConfigurationList;
			buildConfigurations = (
				3EDAFEE6288482BB00EE78FC /* Debug */,
				3EDAFEE7288482BB00EE78FC /* Release */,
			);
			defaultConfigurationIsVisible = 0;
			defaultConfigurationName = Release;
		};
		3EDAFEE8288482BB00EE78FC /* Build configuration list for PBXNativeTarget "stolosUITests" */ = {
			isa = XCConfigurationList;
			buildConfigurations = (
				3EDAFEE9288482BB00EE78FC /* Debug */,
				3EDAFEEA288482BB00EE78FC /* Release */,
			);
			defaultConfigurationIsVisible = 0;
			defaultConfigurationName = Release;
		};
/* End XCConfigurationList section */
	};
	rootObject = 3EDAFEB5288482B200EE78FC /* Project object */;
}
